// !$*UTF8*$!
{
	archiveVersion = 1;
	classes = {
	};
	objectVersion = 46;
	objects = {

/* Begin PBXBuildFile section */
		80D380731AF25D9500420D56 /* AppDelegate.swift in Sources */ = {isa = PBXBuildFile; fileRef = 80D380721AF25D9500420D56 /* AppDelegate.swift */; };
		80D380751AF25D9500420D56 /* ViewController.swift in Sources */ = {isa = PBXBuildFile; fileRef = 80D380741AF25D9500420D56 /* ViewController.swift */; };
		80D380781AF25D9500420D56 /* Main.storyboard in Resources */ = {isa = PBXBuildFile; fileRef = 80D380761AF25D9500420D56 /* Main.storyboard */; };
		80D3807A1AF25D9500420D56 /* Images.xcassets in Resources */ = {isa = PBXBuildFile; fileRef = 80D380791AF25D9500420D56 /* Images.xcassets */; };
		80D3807D1AF25D9500420D56 /* LaunchScreen.xib in Resources */ = {isa = PBXBuildFile; fileRef = 80D3807B1AF25D9500420D56 /* LaunchScreen.xib */; };
		80D380891AF25D9500420D56 /* CustomViewsInIBTests.swift in Sources */ = {isa = PBXBuildFile; fileRef = 80D380881AF25D9500420D56 /* CustomViewsInIBTests.swift */; };
		80D380931AF25DE700420D56 /* CircleView.swift in Sources */ = {isa = PBXBuildFile; fileRef = 80D380921AF25DE700420D56 /* CircleView.swift */; };
/* End PBXBuildFile section */

/* Begin PBXContainerItemProxy section */
		80D380831AF25D9500420D56 /* PBXContainerItemProxy */ = {
			isa = PBXContainerItemProxy;
			containerPortal = 80D380651AF25D9500420D56 /* Project object */;
			proxyType = 1;
			remoteGlobalIDString = 80D3806C1AF25D9500420D56;
			remoteInfo = CustomViewsInIB;
		};
/* End PBXContainerItemProxy section */

/* Begin PBXFileReference section */
		80D3806D1AF25D9500420D56 /* CustomViewsInIB.app */ = {isa = PBXFileReference; explicitFileType = wrapper.application; includeInIndex = 0; path = CustomViewsInIB.app; sourceTree = BUILT_PRODUCTS_DIR; };
		80D380711AF25D9500420D56 /* Info.plist */ = {isa = PBXFileReference; lastKnownFileType = text.plist.xml; path = Info.plist; sourceTree = "<group>"; };
		80D380721AF25D9500420D56 /* AppDelegate.swift */ = {isa = PBXFileReference; lastKnownFileType = sourcecode.swift; path = AppDelegate.swift; sourceTree = "<group>"; };
		80D380741AF25D9500420D56 /* ViewController.swift */ = {isa = PBXFileReference; lastKnownFileType = sourcecode.swift; path = ViewController.swift; sourceTree = "<group>"; };
		80D380771AF25D9500420D56 /* Base */ = {isa = PBXFileReference; lastKnownFileType = file.storyboard; name = Base; path = Base.lproj/Main.storyboard; sourceTree = "<group>"; };
		80D380791AF25D9500420D56 /* Images.xcassets */ = {isa = PBXFileReference; lastKnownFileType = folder.assetcatalog; path = Images.xcassets; sourceTree = "<group>"; };
		80D3807C1AF25D9500420D56 /* Base */ = {isa = PBXFileReference; lastKnownFileType = file.xib; name = Base; path = Base.lproj/LaunchScreen.xib; sourceTree = "<group>"; };
		80D380821AF25D9500420D56 /* CustomViewsInIBTests.xctest */ = {isa = PBXFileReference; explicitFileType = wrapper.cfbundle; includeInIndex = 0; path = CustomViewsInIBTests.xctest; sourceTree = BUILT_PRODUCTS_DIR; };
		80D380871AF25D9500420D56 /* Info.plist */ = {isa = PBXFileReference; lastKnownFileType = text.plist.xml; path = Info.plist; sourceTree = "<group>"; };
		80D380881AF25D9500420D56 /* CustomViewsInIBTests.swift */ = {isa = PBXFileReference; lastKnownFileType = sourcecode.swift; path = CustomViewsInIBTests.swift; sourceTree = "<group>"; };
		80D380921AF25DE700420D56 /* CircleView.swift */ = {isa = PBXFileReference; fileEncoding = 4; lastKnownFileType = sourcecode.swift; path = CircleView.swift; sourceTree = "<group>"; };
		80E197461AF267DA00F961A4 /* CustomViewsInIB-Bridging-Header.h */ = {isa = PBXFileReference; lastKnownFileType = sourcecode.c.h; path = "CustomViewsInIB-Bridging-Header.h"; sourceTree = "<group>"; };
/* End PBXFileReference section */

/* Begin PBXFrameworksBuildPhase section */
		80D3806A1AF25D9500420D56 /* Frameworks */ = {
			isa = PBXFrameworksBuildPhase;
			buildActionMask = 2147483647;
			files = (
			);
			runOnlyForDeploymentPostprocessing = 0;
		};
		80D3807F1AF25D9500420D56 /* Frameworks */ = {
			isa = PBXFrameworksBuildPhase;
			buildActionMask = 2147483647;
			files = (
			);
			runOnlyForDeploymentPostprocessing = 0;
		};
/* End PBXFrameworksBuildPhase section */

/* Begin PBXGroup section */
		80D380641AF25D9500420D56 = {
			isa = PBXGroup;
			children = (
				80D3806F1AF25D9500420D56 /* CustomViewsInIB */,
				80D380851AF25D9500420D56 /* CustomViewsInIBTests */,
				80D3806E1AF25D9500420D56 /* Products */,
			);
			sourceTree = "<group>";
		};
		80D3806E1AF25D9500420D56 /* Products */ = {
			isa = PBXGroup;
			children = (
				80D3806D1AF25D9500420D56 /* CustomViewsInIB.app */,
				80D380821AF25D9500420D56 /* CustomViewsInIBTests.xctest */,
			);
			name = Products;
			sourceTree = "<group>";
		};
		80D3806F1AF25D9500420D56 /* CustomViewsInIB */ = {
			isa = PBXGroup;
			children = (
				80D380721AF25D9500420D56 /* AppDelegate.swift */,
				80D380741AF25D9500420D56 /* ViewController.swift */,
				80D380761AF25D9500420D56 /* Main.storyboard */,
				80D380791AF25D9500420D56 /* Images.xcassets */,
				80D3807B1AF25D9500420D56 /* LaunchScreen.xib */,
				80D380701AF25D9500420D56 /* Supporting Files */,
				80D380921AF25DE700420D56 /* CircleView.swift */,
				80E197461AF267DA00F961A4 /* CustomViewsInIB-Bridging-Header.h */,
			);
			path = CustomViewsInIB;
			sourceTree = "<group>";
		};
		80D380701AF25D9500420D56 /* Supporting Files */ = {
			isa = PBXGroup;
			children = (
				80D380711AF25D9500420D56 /* Info.plist */,
			);
			name = "Supporting Files";
			sourceTree = "<group>";
		};
		80D380851AF25D9500420D56 /* CustomViewsInIBTests */ = {
			isa = PBXGroup;
			children = (
				80D380881AF25D9500420D56 /* CustomViewsInIBTests.swift */,
				80D380861AF25D9500420D56 /* Supporting Files */,
			);
			path = CustomViewsInIBTests;
			sourceTree = "<group>";
		};
		80D380861AF25D9500420D56 /* Supporting Files */ = {
			isa = PBXGroup;
			children = (
				80D380871AF25D9500420D56 /* Info.plist */,
			);
			name = "Supporting Files";
			sourceTree = "<group>";
		};
/* End PBXGroup section */

/* Begin PBXNativeTarget section */
		80D3806C1AF25D9500420D56 /* CustomViewsInIB */ = {
			isa = PBXNativeTarget;
			buildConfigurationList = 80D3808C1AF25D9500420D56 /* Build configuration list for PBXNativeTarget "CustomViewsInIB" */;
			buildPhases = (
				80D380691AF25D9500420D56 /* Sources */,
				80D3806A1AF25D9500420D56 /* Frameworks */,
				80D3806B1AF25D9500420D56 /* Resources */,
			);
			buildRules = (
			);
			dependencies = (
			);
			name = CustomViewsInIB;
			productName = CustomViewsInIB;
			productReference = 80D3806D1AF25D9500420D56 /* CustomViewsInIB.app */;
			productType = "com.apple.product-type.application";
		};
		80D380811AF25D9500420D56 /* CustomViewsInIBTests */ = {
			isa = PBXNativeTarget;
			buildConfigurationList = 80D3808F1AF25D9500420D56 /* Build configuration list for PBXNativeTarget "CustomViewsInIBTests" */;
			buildPhases = (
				80D3807E1AF25D9500420D56 /* Sources */,
				80D3807F1AF25D9500420D56 /* Frameworks */,
				80D380801AF25D9500420D56 /* Resources */,
			);
			buildRules = (
			);
			dependencies = (
				80D380841AF25D9500420D56 /* PBXTargetDependency */,
			);
			name = CustomViewsInIBTests;
			productName = CustomViewsInIBTests;
			productReference = 80D380821AF25D9500420D56 /* CustomViewsInIBTests.xctest */;
			productType = "com.apple.product-type.bundle.unit-test";
		};
/* End PBXNativeTarget section */

/* Begin PBXProject section */
		80D380651AF25D9500420D56 /* Project object */ = {
			isa = PBXProject;
			attributes = {
				LastUpgradeCheck = 0630;
				ORGANIZATIONNAME = "New Toronto Group";
				TargetAttributes = {
					80D3806C1AF25D9500420D56 = {
						CreatedOnToolsVersion = 6.3.1;
					};
					80D380811AF25D9500420D56 = {
						CreatedOnToolsVersion = 6.3.1;
						TestTargetID = 80D3806C1AF25D9500420D56;
					};
				};
			};
			buildConfigurationList = 80D380681AF25D9500420D56 /* Build configuration list for PBXProject "CustomViewsInIB" */;
			compatibilityVersion = "Xcode 3.2";
			developmentRegion = English;
			hasScannedForEncodings = 0;
			knownRegions = (
				en,
				Base,
			);
			mainGroup = 80D380641AF25D9500420D56;
			productRefGroup = 80D3806E1AF25D9500420D56 /* Products */;
			projectDirPath = "";
			projectRoot = "";
			targets = (
				80D3806C1AF25D9500420D56 /* CustomViewsInIB */,
				80D380811AF25D9500420D56 /* CustomViewsInIBTests */,
			);
		};
/* End PBXProject section */

/* Begin PBXResourcesBuildPhase section */
		80D3806B1AF25D9500420D56 /* Resources */ = {
			isa = PBXResourcesBuildPhase;
			buildActionMask = 2147483647;
			files = (
				80D380781AF25D9500420D56 /* Main.storyboard in Resources */,
				80D3807D1AF25D9500420D56 /* LaunchScreen.xib in Resources */,
				80D3807A1AF25D9500420D56 /* Images.xcassets in Resources */,
			);
			runOnlyForDeploymentPostprocessing = 0;
		};
		80D380801AF25D9500420D56 /* Resources */ = {
			isa = PBXResourcesBuildPhase;
			buildActionMask = 2147483647;
			files = (
			);
			runOnlyForDeploymentPostprocessing = 0;
		};
/* End PBXResourcesBuildPhase section */

/* Begin PBXSourcesBuildPhase section */
		80D380691AF25D9500420D56 /* Sources */ = {
			isa = PBXSourcesBuildPhase;
			buildActionMask = 2147483647;
			files = (
				80D380931AF25DE700420D56 /* CircleView.swift in Sources */,
				80D380751AF25D9500420D56 /* ViewController.swift in Sources */,
				80D380731AF25D9500420D56 /* AppDelegate.swift in Sources */,
			);
			runOnlyForDeploymentPostprocessing = 0;
		};
		80D3807E1AF25D9500420D56 /* Sources */ = {
			isa = PBXSourcesBuildPhase;
			buildActionMask = 2147483647;
			files = (
				80D380891AF25D9500420D56 /* CustomViewsInIBTests.swift in Sources */,
			);
			runOnlyForDeploymentPostprocessing = 0;
		};
/* End PBXSourcesBuildPhase section */

/* Begin PBXTargetDependency section */
		80D380841AF25D9500420D56 /* PBXTargetDependency */ = {
			isa = PBXTargetDependency;
			target = 80D3806C1AF25D9500420D56 /* CustomViewsInIB */;
			targetProxy = 80D380831AF25D9500420D56 /* PBXContainerItemProxy */;
		};
/* End PBXTargetDependency section */

/* Begin PBXVariantGroup section */
		80D380761AF25D9500420D56 /* Main.storyboard */ = {
			isa = PBXVariantGroup;
			children = (
				80D380771AF25D9500420D56 /* Base */,
			);
			name = Main.storyboard;
			sourceTree = "<group>";
		};
		80D3807B1AF25D9500420D56 /* LaunchScreen.xib */ = {
			isa = PBXVariantGroup;
			children = (
				80D3807C1AF25D9500420D56 /* Base */,
			);
			name = LaunchScreen.xib;
			sourceTree = "<group>";
		};
/* End PBXVariantGroup section */

/* Begin XCBuildConfiguration section */
		80D3808A1AF25D9500420D56 /* Debug */ = {
			isa = XCBuildConfiguration;
			buildSettings = {
				ALWAYS_SEARCH_USER_PATHS = NO;
				CLANG_CXX_LANGUAGE_STANDARD = "gnu++0x";
				CLANG_CXX_LIBRARY = "libc++";
				CLANG_ENABLE_MODULES = YES;
				CLANG_ENABLE_OBJC_ARC = YES;
				CLANG_WARN_BOOL_CONVERSION = YES;
				CLANG_WARN_CONSTANT_CONVERSION = YES;
				CLANG_WARN_DIRECT_OBJC_ISA_USAGE = YES_ERROR;
				CLANG_WARN_EMPTY_BODY = YES;
				CLANG_WARN_ENUM_CONVERSION = YES;
				CLANG_WARN_INT_CONVERSION = YES;
				CLANG_WARN_OBJC_ROOT_CLASS = YES_ERROR;
				CLANG_WARN_UNREACHABLE_CODE = YES;
				CLANG_WARN__DUPLICATE_METHOD_MATCH = YES;
				"CODE_SIGN_IDENTITY[sdk=iphoneos*]" = "iPhone Developer";
				COPY_PHASE_STRIP = NO;
				DEBUG_INFORMATION_FORMAT = "dwarf-with-dsym";
				ENABLE_STRICT_OBJC_MSGSEND = YES;
				GCC_C_LANGUAGE_STANDARD = gnu99;
				GCC_DYNAMIC_NO_PIC = NO;
				GCC_NO_COMMON_BLOCKS = YES;
				GCC_OPTIMIZATION_LEVEL = 0;
				GCC_PREPROCESSOR_DEFINITIONS = (
					"DEBUG=1",
					"$(inherited)",
				);
				GCC_SYMBOLS_PRIVATE_EXTERN = NO;
				GCC_WARN_64_TO_32_BIT_CONVERSION = YES;
				GCC_WARN_ABOUT_RETURN_TYPE = YES_ERROR;
				GCC_WARN_UNDECLARED_SELECTOR = YES;
				GCC_WARN_UNINITIALIZED_AUTOS = YES_AGGRESSIVE;
				GCC_WARN_UNUSED_FUNCTION = YES;
				GCC_WARN_UNUSED_VARIABLE = YES;
				IPHONEOS_DEPLOYMENT_TARGET = 8.3;
				MTL_ENABLE_DEBUG_INFO = YES;
				ONLY_ACTIVE_ARCH = YES;
				SDKROOT = iphoneos;
				SWIFT_OPTIMIZATION_LEVEL = "-Onone";
				TARGETED_DEVICE_FAMILY = "1,2";
			};
			name = Debug;
		};
		80D3808B1AF25D9500420D56 /* Release */ = {
			isa = XCBuildConfiguration;
			buildSettings = {
				ALWAYS_SEARCH_USER_PATHS = NO;
				CLANG_CXX_LANGUAGE_STANDARD = "gnu++0x";
				CLANG_CXX_LIBRARY = "libc++";
				CLANG_ENABLE_MODULES = YES;
				CLANG_ENABLE_OBJC_ARC = YES;
				CLANG_WARN_BOOL_CONVERSION = YES;
				CLANG_WARN_CONSTANT_CONVERSION = YES;
				CLANG_WARN_DIRECT_OBJC_ISA_USAGE = YES_ERROR;
				CLANG_WARN_EMPTY_BODY = YES;
				CLANG_WARN_ENUM_CONVERSION = YES;
				CLANG_WARN_INT_CONVERSION = YES;
				CLANG_WARN_OBJC_ROOT_CLASS = YES_ERROR;
				CLANG_WARN_UNREACHABLE_CODE = YES;
				CLANG_WARN__DUPLICATE_METHOD_MATCH = YES;
				"CODE_SIGN_IDENTITY[sdk=iphoneos*]" = "iPhone Developer";
				COPY_PHASE_STRIP = NO;
				DEBUG_INFORMATION_FORMAT = "dwarf-with-dsym";
				ENABLE_NS_ASSERTIONS = NO;
				ENABLE_STRICT_OBJC_MSGSEND = YES;
				GCC_C_LANGUAGE_STANDARD = gnu99;
				GCC_NO_COMMON_BLOCKS = YES;
				GCC_WARN_64_TO_32_BIT_CONVERSION = YES;
				GCC_WARN_ABOUT_RETURN_TYPE = YES_ERROR;
				GCC_WARN_UNDECLARED_SELECTOR = YES;
				GCC_WARN_UNINITIALIZED_AUTOS = YES_AGGRESSIVE;
				GCC_WARN_UNUSED_FUNCTION = YES;
				GCC_WARN_UNUSED_VARIABLE = YES;
				IPHONEOS_DEPLOYMENT_TARGET = 8.3;
				MTL_ENABLE_DEBUG_INFO = NO;
				SDKROOT = iphoneos;
				TARGETED_DEVICE_FAMILY = "1,2";
				VALIDATE_PRODUCT = YES;
			};
			name = Release;
		};
		80D3808D1AF25D9500420D56 /* Debug */ = {
			isa = XCBuildConfiguration;
			buildSettings = {
				ASSETCATALOG_COMPILER_APPICON_NAME = AppIcon;
				CLANG_ENABLE_MODULES = YES;
				INFOPLIST_FILE = CustomViewsInIB/Info.plist;
				LD_RUNPATH_SEARCH_PATHS = "$(inherited) @executable_path/Frameworks";
				PRODUCT_NAME = "$(TARGET_NAME)";
				SWIFT_OBJC_BRIDGING_HEADER = "CustomViewsInIB/CustomViewsInIB-Bridging-Header.h";
				SWIFT_OPTIMIZATION_LEVEL = "-Onone";
			};
			name = Debug;
		};
		80D3808E1AF25D9500420D56 /* Release */ = {
			isa = XCBuildConfiguration;
			buildSettings = {
				ASSETCATALOG_COMPILER_APPICON_NAME = AppIcon;
				CLANG_ENABLE_MODULES = YES;
				INFOPLIST_FILE = CustomViewsInIB/Info.plist;
				LD_RUNPATH_SEARCH_PATHS = "$(inherited) @executable_path/Frameworks";
				PRODUCT_NAME = "$(TARGET_NAME)";
				SWIFT_OBJC_BRIDGING_HEADER = "CustomViewsInIB/CustomViewsInIB-Bridging-Header.h";
			};
			name = Release;
		};
		80D380901AF25D9500420D56 /* Debug */ = {
			isa = XCBuildConfiguration;
			buildSettings = {
				BUNDLE_LOADER = "$(TEST_HOST)";
				FRAMEWORK_SEARCH_PATHS = (
					"$(SDKROOT)/Developer/Library/Frameworks",
					"$(inherited)",
				);
				GCC_PREPROCESSOR_DEFINITIONS = (
					"DEBUG=1",
					"$(inherited)",
				);
				INFOPLIST_FILE = CustomViewsInIBTests/Info.plist;
				LD_RUNPATH_SEARCH_PATHS = "$(inherited) @executable_path/Frameworks @loader_path/Frameworks";
				PRODUCT_NAME = "$(TARGET_NAME)";
				TEST_HOST = "$(BUILT_PRODUCTS_DIR)/CustomViewsInIB.app/CustomViewsInIB";
			};
			name = Debug;
		};
		80D380911AF25D9500420D56 /* Release */ = {
			isa = XCBuildConfiguration;
			buildSettings = {
				BUNDLE_LOADER = "$(TEST_HOST)";
				FRAMEWORK_SEARCH_PATHS = (
					"$(SDKROOT)/Developer/Library/Frameworks",
					"$(inherited)",
				);
				INFOPLIST_FILE = CustomViewsInIBTests/Info.plist;
				LD_RUNPATH_SEARCH_PATHS = "$(inherited) @executable_path/Frameworks @loader_path/Frameworks";
				PRODUCT_NAME = "$(TARGET_NAME)";
				TEST_HOST = "$(BUILT_PRODUCTS_DIR)/CustomViewsInIB.app/CustomViewsInIB";
			};
			name = Release;
		};
/* End XCBuildConfiguration section */

/* Begin XCConfigurationList section */
		80D380681AF25D9500420D56 /* Build configuration list for PBXProject "CustomViewsInIB" */ = {
			isa = XCConfigurationList;
			buildConfigurations = (
				80D3808A1AF25D9500420D56 /* Debug */,
				80D3808B1AF25D9500420D56 /* Release */,
			);
			defaultConfigurationIsVisible = 0;
			defaultConfigurationName = Release;
		};
		80D3808C1AF25D9500420D56 /* Build configuration list for PBXNativeTarget "CustomViewsInIB" */ = {
			isa = XCConfigurationList;
			buildConfigurations = (
				80D3808D1AF25D9500420D56 /* Debug */,
				80D3808E1AF25D9500420D56 /* Release */,
			);
			defaultConfigurationIsVisible = 0;
			defaultConfigurationName = Release;
		};
		80D3808F1AF25D9500420D56 /* Build configuration list for PBXNativeTarget "CustomViewsInIBTests" */ = {
			isa = XCConfigurationList;
			buildConfigurations = (
				80D380901AF25D9500420D56 /* Debug */,
				80D380911AF25D9500420D56 /* Release */,
			);
			defaultConfigurationIsVisible = 0;
			defaultConfigurationName = Release;
		};
/* End XCConfigurationList section */
	};
	rootObject = 80D380651AF25D9500420D56 /* Project object */;
}
